<?xml version="1.0" encoding="utf-8"?>
<Project ToolsVersion="4.0" xmlns="http://schemas.microsoft.com/developer/msbuild/2003">
  <ItemGroup>
    <ClCompile Include="csgo\ctx\impl\ctx.cpp" />
    <ClCompile Include="sdk\src\cfg\impl\cfg.cpp" />
    <ClCompile Include="csgo\hooks\impl\hooks.cpp" />
    <ClCompile Include="thirdparty\include\imgui\imgui.cpp" />
    <ClCompile Include="thirdparty\include\imgui\imgui_draw.cpp" />
    <ClCompile Include="thirdparty\include\imgui\imgui_impl_win32.cpp" />
    <ClCompile Include="thirdparty\include\imgui\imgui_widgets.cpp" />
    <ClCompile Include="thirdparty\include\imgui\imgui_impl_dx9.cpp" />
    <ClCompile Include="csgo\hacks\move\move.cpp" />
    <ClCompile Include="csgo\local_player\impl\local_player.cpp" />
    <ClCompile Include="csgo\menu\impl\menu.cpp" />
    <ClCompile Include="csgo\render\impl\render.cpp" />
    <ClCompile Include="csgo\hacks\eng_pred\impl\eng_pred.cpp" />
    <ClCompile Include="csgo\valve\other\impl\other.cpp" />
    <ClCompile Include="csgo\hacks\misc\impl\misc.cpp" />
    <ClCompile Include="csgo\hacks\shots\impl\shots.cpp" />
    <ClCompile Include="csgo\hacks\visuals\visuals\visuals.cpp" />
    <ClCompile Include="csgo\hacks\anim_sync\impl\anim_sync.cpp" />
    <ClCompile Include="csgo\hacks\anti_aim\impl\anti_aim.cpp" />
    <ClCompile Include="csgo\hacks\lag_comp\impl\lag_comp.cpp" />
    <ClCompile Include="csgo\hacks\aim_bot\impl\aim_bot.cpp" />
    <ClCompile Include="csgo\hacks\auto_wall\impl\auto_wall.cpp" />
    <ClCompile Include="csgo\hacks\exploits\impl\exploits.cpp" />
    <ClCompile Include="thirdparty\include\imgui\imgui_freetype.cpp" />
    <ClCompile Include="thirdparty\thread_pool\impl\thread_pool.cpp" />
    <ClCompile Include="csgo\hacks\sim_ctx\impl\sim_ctx.cpp" />
    <ClCompile Include="csgo\render\blur\post_process.cpp" />
  </ItemGroup>
  <ItemGroup>
    <ClInclude Include="csgo\ctx\ctx.hpp" />
    <ClInclude Include="csgo\csgo.hpp" />
    <ClInclude Include="csgo\valve\valve.hpp" />
    <ClInclude Include="sdk\sdk.hpp" />
    <ClInclude Include="sdk\src\cfg\detail\data_types\base_cfg_var.hpp" />
    <ClInclude Include="sdk\src\cfg\detail\detail.hpp" />
    <ClInclude Include="sdk\src\cfg\cfg.hpp" />
    <ClInclude Include="sdk\src\util\detail\detail.hpp" />
    <ClInclude Include="sdk\src\util\util.hpp" />
    <ClInclude Include="sdk\src\mem\detail\data_types\base_address.hpp" />
    <ClInclude Include="sdk\src\mem\detail\data_types\base_stack_frame.hpp" />
    <ClInclude Include="sdk\src\mem\detail\data_types\pe_format.hpp" />
    <ClInclude Include="sdk\src\mem\detail\detail.hpp" />
    <ClInclude Include="sdk\src\mem\mem.hpp" />
    <ClInclude Include="sdk\src\math\detail\data_types\array_wrapper.hpp" />
    <ClInclude Include="sdk\src\math\detail\data_types\base_clr.hpp" />
    <ClInclude Include="sdk\src\math\detail\data_types\base_mat.hpp" />
    <ClInclude Include="sdk\src\math\detail\data_types\base_qang.hpp" />
    <ClInclude Include="sdk\src\math\detail\data_types\base_rect.hpp" />
    <ClInclude Include="sdk\src\math\detail\data_types\base_vec.hpp" />
    <ClInclude Include="sdk\src\math\detail\detail.hpp" />
    <ClInclude Include="sdk\src\math\math.hpp" />
    <ClInclude Include="csgo\valve\entities\entities.hpp" />
    <ClInclude Include="csgo\hooks\hooks.hpp" />
    <ClInclude Include="csgo\hacks\hacks.hpp" />
    <ClInclude Include="csgo\valve\interfaces\interfaces.hpp" />
    <ClInclude Include="csgo\valve\other\other.hpp" />
    <ClInclude Include="csgo\valve\util\util.hpp" />
    <ClInclude Include="csgo\hacks\move\move.hpp" />
    <ClInclude Include="thirdparty\include\imgui\imconfig.h" />
    <ClInclude Include="thirdparty\include\imgui\imgui.h" />
    <ClInclude Include="thirdparty\include\imgui\imgui_impl_win32.h" />
    <ClInclude Include="thirdparty\include\imgui\imgui_internal.h" />
    <ClInclude Include="thirdparty\include\imgui\imstb_rectpack.h" />
    <ClInclude Include="thirdparty\include\imgui\imstb_textedit.h" />
    <ClInclude Include="thirdparty\include\imgui\imstb_truetype.h" />
    <ClInclude Include="thirdparty\include\imgui\imgui_impl_dx9.h" />
    <ClInclude Include="csgo\local_player\local_player.hpp" />
    <ClInclude Include="csgo\menu\menu.hpp" />
    <ClInclude Include="csgo\render\render.h" />
    <ClInclude Include="sdk\data_crypt.h" />
    <ClInclude Include="sdk\keys.h" />
    <ClInclude Include="csgo\hacks\eng_pred\eng_pred.h" />
    <ClInclude Include="csgo\hacks\misc\misc.h" />
    <ClInclude Include="sdk\font.hpp" />
    <ClInclude Include="csgo\hacks\shots\shots.h" />
    <ClInclude Include="csgo\hacks\visuals\visuals.h" />
    <ClInclude Include="csgo\hacks\anim_sync\anim_sync.h" />
    <ClInclude Include="csgo\hacks\anti_aim\anti_aim.h" />
    <ClInclude Include="csgo\hacks\lag_comp\lag_comp.h" />
    <ClInclude Include="csgo\hacks\aim_bot\aim_bot.h" />
    <ClInclude Include="csgo\hacks\auto_wall\auto_wall.h" />
    <ClInclude Include="csgo\hacks\exploits\exploits.h" />
    <ClInclude Include="thirdparty\include\imgui\imgui_freetype.h" />
    <ClInclude Include="thirdparty\include\imgui\include\ft2build.h" />
    <ClInclude Include="csgo\valve\interfaces\random.h" />
    <ClInclude Include="thirdparty\thread_pool\detail\detail.hpp" />
    <ClInclude Include="thirdparty\thread_pool\thread_pool.hpp" />
    <ClInclude Include="thirdparty\security\Dependencies\Hash.hpp" />
    <ClInclude Include="thirdparty\security\Dependencies\Xor.hpp" />
    <ClInclude Include="csgo\hacks\shots\hit_sounds.h" />
    <ClInclude Include="csgo\hacks\sim_ctx\sim_ctx.h" />
    <ClInclude Include="csgo\render\blur\post_process.h" />
  </ItemGroup>
  <ItemGroup>
    <None Include="sdk\src\cfg\impl\cfg.inl" />
    <None Include="sdk\src\mem\impl\mem.inl" />
    <None Include="sdk\src\util\impl\util.inl" />
    <None Include="sdk\src\math\impl\math.inl" />
    <None Include="csgo\valve\entities\impl\entities.inl" />
    <None Include="csgo\ctx\impl\ctx.inl" />
    <None Include="csgo\valve\other\impl\other.inl" />
    <None Include="csgo\valve\util\impl\util.inl" />
    <None Include="csgo\local_player\impl\local_player.inl" />
    <None Include="csgo\menu\impl\menu.inl" />
    <None Include="csgo\hacks\eng_pred\impl\eng_pred.inl" />
    <None Include="csgo\hacks\shots\impl\shots.inl" />
    <None Include="csgo\hacks\anti_aim\impl\anti_aim.inl" />
    <None Include="csgo\hacks\lag_comp\impl\lag_comp.inl" />
    <None Include="csgo\hacks\anim_sync\impl\anim_sync.inl" />
    <None Include="csgo\hacks\auto_wall\impl\auto_wall.inl" />
    <None Include="csgo\hacks\exploits\impl\exploits.inl" />
    <None Include="thirdparty\thread_pool\impl\thread_pool.inl" />
    <None Include="csgo\hacks\sim_ctx\impl\sim_ctx.inl" />
  </ItemGroup>
  <ItemGroup>
    <Library Include="thirdparty\include\imgui\include\freetype.lib" />
  </ItemGroup>
</Project>